// !$*UTF8*$!
{
	archiveVersion = 1;
	classes = {
	};
	objectVersion = 46;
	objects = {

/* Begin PBXBuildFile section */
		A1B471B91E5204610067CA9E /* AppDelegate.swift in Sources */ = {isa = PBXBuildFile; fileRef = A1B471B81E5204610067CA9E /* AppDelegate.swift */; };
		A1B471BE1E5204610067CA9E /* Main.storyboard in Resources */ = {isa = PBXBuildFile; fileRef = A1B471BC1E5204610067CA9E /* Main.storyboard */; };
		A1B471C01E5204610067CA9E /* Assets.xcassets in Resources */ = {isa = PBXBuildFile; fileRef = A1B471BF1E5204610067CA9E /* Assets.xcassets */; };
		A1B471C31E5204610067CA9E /* LaunchScreen.storyboard in Resources */ = {isa = PBXBuildFile; fileRef = A1B471C11E5204610067CA9E /* LaunchScreen.storyboard */; };
		A1B471CC1E5206ED0067CA9E /* TweetTableViewController.swift in Sources */ = {isa = PBXBuildFile; fileRef = A1B471CB1E5206ED0067CA9E /* TweetTableViewController.swift */; };
		A1B471CE1E524EFB0067CA9E /* Twitter.framework in Frameworks */ = {isa = PBXBuildFile; fileRef = A1B471CD1E524EFB0067CA9E /* Twitter.framework */; };
		A1B471CF1E524EFB0067CA9E /* Twitter.framework in Embed Frameworks */ = {isa = PBXBuildFile; fileRef = A1B471CD1E524EFB0067CA9E /* Twitter.framework */; settings = {ATTRIBUTES = (CodeSignOnCopy, RemoveHeadersOnCopy, ); }; };
		A1B471D21E52EFAD0067CA9E /* TweetTableViewCell.swift in Sources */ = {isa = PBXBuildFile; fileRef = A1B471D11E52EFAD0067CA9E /* TweetTableViewCell.swift */; };
		A1B471D41E53562F0067CA9E /* TweetDetailTableViewController.swift in Sources */ = {isa = PBXBuildFile; fileRef = A1B471D31E53562F0067CA9E /* TweetDetailTableViewController.swift */; };
		A1F3E0701E64654900F46610 /* RecentSearchTerms.swift in Sources */ = {isa = PBXBuildFile; fileRef = A1F3E06F1E64654900F46610 /* RecentSearchTerms.swift */; };
		A1F3E0721E6476FF00F46610 /* SearchHistoryTableViewController.swift in Sources */ = {isa = PBXBuildFile; fileRef = A1F3E0711E6476FF00F46610 /* SearchHistoryTableViewController.swift */; };
/* End PBXBuildFile section */

/* Begin PBXCopyFilesBuildPhase section */
		A1B471D01E524EFB0067CA9E /* Embed Frameworks */ = {
			isa = PBXCopyFilesBuildPhase;
			buildActionMask = 2147483647;
			dstPath = "";
			dstSubfolderSpec = 10;
			files = (
				A1B471CF1E524EFB0067CA9E /* Twitter.framework in Embed Frameworks */,
			);
			name = "Embed Frameworks";
			runOnlyForDeploymentPostprocessing = 0;
		};
/* End PBXCopyFilesBuildPhase section */

/* Begin PBXFileReference section */
		A1B471B51E5204610067CA9E /* Smashtag.app */ = {isa = PBXFileReference; explicitFileType = wrapper.application; includeInIndex = 0; path = Smashtag.app; sourceTree = BUILT_PRODUCTS_DIR; };
		A1B471B81E5204610067CA9E /* AppDelegate.swift */ = {isa = PBXFileReference; lastKnownFileType = sourcecode.swift; path = AppDelegate.swift; sourceTree = "<group>"; };
		A1B471BD1E5204610067CA9E /* Base */ = {isa = PBXFileReference; lastKnownFileType = file.storyboard; name = Base; path = Base.lproj/Main.storyboard; sourceTree = "<group>"; };
		A1B471BF1E5204610067CA9E /* Assets.xcassets */ = {isa = PBXFileReference; lastKnownFileType = folder.assetcatalog; path = Assets.xcassets; sourceTree = "<group>"; };
		A1B471C21E5204610067CA9E /* Base */ = {isa = PBXFileReference; lastKnownFileType = file.storyboard; name = Base; path = Base.lproj/LaunchScreen.storyboard; sourceTree = "<group>"; };
		A1B471C41E5204610067CA9E /* Info.plist */ = {isa = PBXFileReference; lastKnownFileType = text.plist.xml; path = Info.plist; sourceTree = "<group>"; };
		A1B471CB1E5206ED0067CA9E /* TweetTableViewController.swift */ = {isa = PBXFileReference; fileEncoding = 4; lastKnownFileType = sourcecode.swift; path = TweetTableViewController.swift; sourceTree = "<group>"; };
		A1B471CD1E524EFB0067CA9E /* Twitter.framework */ = {isa = PBXFileReference; explicitFileType = wrapper.framework; path = Twitter.framework; sourceTree = BUILT_PRODUCTS_DIR; };
		A1B471D11E52EFAD0067CA9E /* TweetTableViewCell.swift */ = {isa = PBXFileReference; fileEncoding = 4; lastKnownFileType = sourcecode.swift; path = TweetTableViewCell.swift; sourceTree = "<group>"; };
		A1B471D31E53562F0067CA9E /* TweetDetailTableViewController.swift */ = {isa = PBXFileReference; fileEncoding = 4; lastKnownFileType = sourcecode.swift; path = TweetDetailTableViewController.swift; sourceTree = "<group>"; };
		A1F3E06F1E64654900F46610 /* RecentSearchTerms.swift */ = {isa = PBXFileReference; fileEncoding = 4; lastKnownFileType = sourcecode.swift; path = RecentSearchTerms.swift; sourceTree = "<group>"; };
		A1F3E0711E6476FF00F46610 /* SearchHistoryTableViewController.swift */ = {isa = PBXFileReference; fileEncoding = 4; lastKnownFileType = sourcecode.swift; path = SearchHistoryTableViewController.swift; sourceTree = "<group>"; };
/* End PBXFileReference section */

/* Begin PBXFrameworksBuildPhase section */
		A1B471B21E5204610067CA9E /* Frameworks */ = {
			isa = PBXFrameworksBuildPhase;
			buildActionMask = 2147483647;
			files = (
				A1B471CE1E524EFB0067CA9E /* Twitter.framework in Frameworks */,
			);
			runOnlyForDeploymentPostprocessing = 0;
		};
/* End PBXFrameworksBuildPhase section */

/* Begin PBXGroup section */
		A1B471AC1E5204610067CA9E = {
			isa = PBXGroup;
			children = (
				A1B471CD1E524EFB0067CA9E /* Twitter.framework */,
				A1B471B71E5204610067CA9E /* Smashtag */,
				A1B471B61E5204610067CA9E /* Products */,
			);
			sourceTree = "<group>";
		};
		A1B471B61E5204610067CA9E /* Products */ = {
			isa = PBXGroup;
			children = (
				A1B471B51E5204610067CA9E /* Smashtag.app */,
			);
			name = Products;
			sourceTree = "<group>";
		};
		A1B471B71E5204610067CA9E /* Smashtag */ = {
			isa = PBXGroup;
			children = (
				A1B471BC1E5204610067CA9E /* Main.storyboard */,
				A1F3E0711E6476FF00F46610 /* SearchHistoryTableViewController.swift */,
				A1B471D31E53562F0067CA9E /* TweetDetailTableViewController.swift */,
				A1B471D11E52EFAD0067CA9E /* TweetTableViewCell.swift */,
				A1B471CB1E5206ED0067CA9E /* TweetTableViewController.swift */,
				A1B471CA1E5204860067CA9E /* Supporting Files */,
				A1F3E06F1E64654900F46610 /* RecentSearchTerms.swift */,
			);
			path = Smashtag;
			sourceTree = "<group>";
		};
		A1B471CA1E5204860067CA9E /* Supporting Files */ = {
			isa = PBXGroup;
			children = (
				A1B471B81E5204610067CA9E /* AppDelegate.swift */,
				A1B471BF1E5204610067CA9E /* Assets.xcassets */,
				A1B471C11E5204610067CA9E /* LaunchScreen.storyboard */,
				A1B471C41E5204610067CA9E /* Info.plist */,
			);
			name = "Supporting Files";
			sourceTree = "<group>";
		};
/* End PBXGroup section */

/* Begin PBXNativeTarget section */
		A1B471B41E5204610067CA9E /* Smashtag */ = {
			isa = PBXNativeTarget;
			buildConfigurationList = A1B471C71E5204610067CA9E /* Build configuration list for PBXNativeTarget "Smashtag" */;
			buildPhases = (
				A1B471B11E5204610067CA9E /* Sources */,
				A1B471B21E5204610067CA9E /* Frameworks */,
				A1B471B31E5204610067CA9E /* Resources */,
				A1B471D01E524EFB0067CA9E /* Embed Frameworks */,
			);
			buildRules = (
			);
			dependencies = (
			);
			name = Smashtag;
			productName = Smashtag;
			productReference = A1B471B51E5204610067CA9E /* Smashtag.app */;
			productType = "com.apple.product-type.application";
		};
/* End PBXNativeTarget section */

/* Begin PBXProject section */
		A1B471AD1E5204610067CA9E /* Project object */ = {
			isa = PBXProject;
			attributes = {
				LastSwiftUpdateCheck = 0820;
				LastUpgradeCheck = 0820;
				ORGANIZATIONNAME = "PBO Apps";
				TargetAttributes = {
					A1B471B41E5204610067CA9E = {
						CreatedOnToolsVersion = 8.2;
						DevelopmentTeam = P6W5FM7RT4;
						ProvisioningStyle = Manual;
					};
				};
			};
			buildConfigurationList = A1B471B01E5204610067CA9E /* Build configuration list for PBXProject "Smashtag" */;
			compatibilityVersion = "Xcode 3.2";
			developmentRegion = English;
			hasScannedForEncodings = 0;
			knownRegions = (
				en,
				Base,
			);
			mainGroup = A1B471AC1E5204610067CA9E;
			productRefGroup = A1B471B61E5204610067CA9E /* Products */;
			projectDirPath = "";
			projectRoot = "";
			targets = (
				A1B471B41E5204610067CA9E /* Smashtag */,
			);
		};
/* End PBXProject section */

/* Begin PBXResourcesBuildPhase section */
		A1B471B31E5204610067CA9E /* Resources */ = {
			isa = PBXResourcesBuildPhase;
			buildActionMask = 2147483647;
			files = (
				A1B471C31E5204610067CA9E /* LaunchScreen.storyboard in Resources */,
				A1B471C01E5204610067CA9E /* Assets.xcassets in Resources */,
				A1B471BE1E5204610067CA9E /* Main.storyboard in Resources */,
			);
			runOnlyForDeploymentPostprocessing = 0;
		};
/* End PBXResourcesBuildPhase section */

/* Begin PBXSourcesBuildPhase section */
		A1B471B11E5204610067CA9E /* Sources */ = {
			isa = PBXSourcesBuildPhase;
			buildActionMask = 2147483647;
			files = (
				A1F3E0721E6476FF00F46610 /* SearchHistoryTableViewController.swift in Sources */,
				A1F3E0701E64654900F46610 /* RecentSearchTerms.swift in Sources */,
				A1B471D41E53562F0067CA9E /* TweetDetailTableViewController.swift in Sources */,
				A1B471B91E5204610067CA9E /* AppDelegate.swift in Sources */,
				A1B471CC1E5206ED0067CA9E /* TweetTableViewController.swift in Sources */,
				A1B471D21E52EFAD0067CA9E /* TweetTableViewCell.swift in Sources */,
			);
			runOnlyForDeploymentPostprocessing = 0;
		};
/* End PBXSourcesBuildPhase section */

/* Begin PBXVariantGroup section */
		A1B471BC1E5204610067CA9E /* Main.storyboard */ = {
			isa = PBXVariantGroup;
			children = (
				A1B471BD1E5204610067CA9E /* Base */,
			);
			name = Main.storyboard;
			sourceTree = "<group>";
		};
		A1B471C11E5204610067CA9E /* LaunchScreen.storyboard */ = {
			isa = PBXVariantGroup;
			children = (
				A1B471C21E5204610067CA9E /* Base */,
			);
			name = LaunchScreen.storyboard;
			sourceTree = "<group>";
		};
/* End PBXVariantGroup section */

/* Begin XCBuildConfiguration section */
		A1B471C51E5204610067CA9E /* Debug */ = {
			isa = XCBuildConfiguration;
			buildSettings = {
				ALWAYS_SEARCH_USER_PATHS = NO;
				CLANG_ANALYZER_NONNULL = YES;
				CLANG_CXX_LANGUAGE_STANDARD = "gnu++0x";
				CLANG_CXX_LIBRARY = "libc++";
				CLANG_ENABLE_MODULES = YES;
				CLANG_ENABLE_OBJC_ARC = YES;
				CLANG_WARN_BOOL_CONVERSION = YES;
				CLANG_WARN_CONSTANT_CONVERSION = YES;
				CLANG_WARN_DIRECT_OBJC_ISA_USAGE = YES_ERROR;
				CLANG_WARN_DOCUMENTATION_COMMENTS = YES;
				CLANG_WARN_EMPTY_BODY = YES;
				CLANG_WARN_ENUM_CONVERSION = YES;
				CLANG_WARN_INFINITE_RECURSION = YES;
				CLANG_WARN_INT_CONVERSION = YES;
				CLANG_WARN_OBJC_ROOT_CLASS = YES_ERROR;
				CLANG_WARN_SUSPICIOUS_MOVE = YES;
				CLANG_WARN_UNREACHABLE_CODE = YES;
				CLANG_WARN__DUPLICATE_METHOD_MATCH = YES;
				"CODE_SIGN_IDENTITY[sdk=iphoneos*]" = "iPhone Developer";
				COPY_PHASE_STRIP = NO;
				DEBUG_INFORMATION_FORMAT = dwarf;
				ENABLE_STRICT_OBJC_MSGSEND = YES;
				ENABLE_TESTABILITY = YES;
				GCC_C_LANGUAGE_STANDARD = gnu99;
				GCC_DYNAMIC_NO_PIC = NO;
				GCC_NO_COMMON_BLOCKS = YES;
				GCC_OPTIMIZATION_LEVEL = 0;
				GCC_PREPROCESSOR_DEFINITIONS = (
					"DEBUG=1",
					"$(inherited)",
				);
				GCC_WARN_64_TO_32_BIT_CONVERSION = YES;
				GCC_WARN_ABOUT_RETURN_TYPE = YES_ERROR;
				GCC_WARN_UNDECLARED_SELECTOR = YES;
				GCC_WARN_UNINITIALIZED_AUTOS = YES_AGGRESSIVE;
				GCC_WARN_UNUSED_FUNCTION = YES;
				GCC_WARN_UNUSED_VARIABLE = YES;
				IPHONEOS_DEPLOYMENT_TARGET = 10.2;
				MTL_ENABLE_DEBUG_INFO = YES;
				ONLY_ACTIVE_ARCH = YES;
				SDKROOT = iphoneos;
				SWIFT_ACTIVE_COMPILATION_CONDITIONS = DEBUG;
				SWIFT_OPTIMIZATION_LEVEL = "-Onone";
			};
			name = Debug;
		};
		A1B471C61E5204610067CA9E /* Release */ = {
			isa = XCBuildConfiguration;
			buildSettings = {
				ALWAYS_SEARCH_USER_PATHS = NO;
				CLANG_ANALYZER_NONNULL = YES;
				CLANG_CXX_LANGUAGE_STANDARD = "gnu++0x";
				CLANG_CXX_LIBRARY = "libc++";
				CLANG_ENABLE_MODULES = YES;
				CLANG_ENABLE_OBJC_ARC = YES;
				CLANG_WARN_BOOL_CONVERSION = YES;
				CLANG_WARN_CONSTANT_CONVERSION = YES;
				CLANG_WARN_DIRECT_OBJC_ISA_USAGE = YES_ERROR;
				CLANG_WARN_DOCUMENTATION_COMMENTS = YES;
				CLANG_WARN_EMPTY_BODY = YES;
				CLANG_WARN_ENUM_CONVERSION = YES;
				CLANG_WARN_INFINITE_RECURSION = YES;
				CLANG_WARN_INT_CONVERSION = YES;
				CLANG_WARN_OBJC_ROOT_CLASS = YES_ERROR;
				CLANG_WARN_SUSPICIOUS_MOVE = YES;
				CLANG_WARN_UNREACHABLE_CODE = YES;
				CLANG_WARN__DUPLICATE_METHOD_MATCH = YES;
				"CODE_SIGN_IDENTITY[sdk=iphoneos*]" = "iPhone Developer";
				COPY_PHASE_STRIP = NO;
				DEBUG_INFORMATION_FORMAT = "dwarf-with-dsym";
				ENABLE_NS_ASSERTIONS = NO;
				ENABLE_STRICT_OBJC_MSGSEND = YES;
				GCC_C_LANGUAGE_STANDARD = gnu99;
				GCC_NO_COMMON_BLOCKS = YES;
				GCC_WARN_64_TO_32_BIT_CONVERSION = YES;
				GCC_WARN_ABOUT_RETURN_TYPE = YES_ERROR;
				GCC_WARN_UNDECLARED_SELECTOR = YES;
				GCC_WARN_UNINITIALIZED_AUTOS = YES_AGGRESSIVE;
				GCC_WARN_UNUSED_FUNCTION = YES;
				GCC_WARN_UNUSED_VARIABLE = YES;
				IPHONEOS_DEPLOYMENT_TARGET = 10.2;
				MTL_ENABLE_DEBUG_INFO = NO;
				SDKROOT = iphoneos;
				SWIFT_OPTIMIZATION_LEVEL = "-Owholemodule";
				VALIDATE_PRODUCT = YES;
			};
			name = Release;
		};
		A1B471C81E5204610067CA9E /* Debug */ = {
			isa = XCBuildConfiguration;
			buildSettings = {
				ASSETCATALOG_COMPILER_APPICON_NAME = AppIcon;
				"CODE_SIGN_IDENTITY[sdk=iphoneos*]" = "iPhone Developer";
				DEVELOPMENT_TEAM = P6W5FM7RT4;
				INFOPLIST_FILE = Smashtag/Info.plist;
				LD_RUNPATH_SEARCH_PATHS = "$(inherited) @executable_path/Frameworks";
				PRODUCT_BUNDLE_IDENTIFIER = com.pbo.apps.iOS.Smashtag;
				PRODUCT_NAME = "$(TARGET_NAME)";
				PROVISIONING_PROFILE = "f785a879-78f5-44d1-a78f-681dedf13e69";
				PROVISIONING_PROFILE_SPECIFIER = "Innovattic Wildcard Development";
				SWIFT_VERSION = 3.0;
			};
			name = Debug;
		};
		A1B471C91E5204610067CA9E /* Release */ = {
			isa = XCBuildConfiguration;
			buildSettings = {
				ASSETCATALOG_COMPILER_APPICON_NAME = AppIcon;
				"CODE_SIGN_IDENTITY[sdk=iphoneos*]" = "iPhone Developer";
				DEVELOPMENT_TEAM = "";
				INFOPLIST_FILE = Smashtag/Info.plist;
				LD_RUNPATH_SEARCH_PATHS = "$(inherited) @executable_path/Frameworks";
				PRODUCT_BUNDLE_IDENTIFIER = com.pbo.apps.iOS.Smashtag;
				PRODUCT_NAME = "$(TARGET_NAME)";
				SWIFT_VERSION = 3.0;
			};
			name = Release;
		};
/* End XCBuildConfiguration section */

/* Begin XCConfigurationList section */
		A1B471B01E5204610067CA9E /* Build configuration list for PBXProject "Smashtag" */ = {
			isa = XCConfigurationList;
			buildConfigurations = (
				A1B471C51E5204610067CA9E /* Debug */,
				A1B471C61E5204610067CA9E /* Release */,
			);
			defaultConfigurationIsVisible = 0;
			defaultConfigurationName = Release;
		};
		A1B471C71E5204610067CA9E /* Build configuration list for PBXNativeTarget "Smashtag" */ = {
			isa = XCConfigurationList;
			buildConfigurations = (
				A1B471C81E5204610067CA9E /* Debug */,
				A1B471C91E5204610067CA9E /* Release */,
			);
			defaultConfigurationIsVisible = 0;
			defaultConfigurationName = Release;
		};
/* End XCConfigurationList section */
	};
	rootObject = A1B471AD1E5204610067CA9E /* Project object */;
}
